
Microsoft Visual Studio Solution File, Format Version 12.00
# Visual Studio 2015
Project("{FAE04EC0-301F-11D3-BF4B-00C04F79EFBC}") = "webSocketTest.CSharp.Plugins", "webSocketTest.CSharp.Plugins.csproj", "{4E003D76-E13A-DA02-05E6-61CEF7181510}"
EndProject
Project("{FAE04EC0-301F-11D3-BF4B-00C04F79EFBC}") = "webSocketTest.CSharp", "webSocketTest.CSharp.csproj", "{D1C57269-2B69-43FC-B802-2948F72E8EFB}"
EndProject
Global
	GlobalSection(SolutionConfigurationPlatforms) = preSolution
		Debug|Any CPU = Debug|Any CPU
		Release|Any CPU = Release|Any CPU
	EndGlobalSection
	GlobalSection(ProjectConfigurationPlatforms) = postSolution
		{4E003D76-E13A-DA02-05E6-61CEF7181510}.Debug|Any CPU.ActiveCfg = Debug|Any CPU
		{4E003D76-E13A-DA02-05E6-61CEF7181510}.Debug|Any CPU.Build.0 = Debug|Any CPU
		{4E003D76-E13A-DA02-05E6-61CEF7181510}.Release|Any CPU.ActiveCfg = Release|Any CPU
		{4E003D76-E13A-DA02-05E6-61CEF7181510}.Release|Any CPU.Build.0 = Release|Any CPU
		{D1C57269-2B69-43FC-B802-2948F72E8EFB}.Debug|Any CPU.ActiveCfg = Debug|Any CPU
		{D1C57269-2B69-43FC-B802-2948F72E8EFB}.Debug|Any CPU.Build.0 = Debug|Any CPU
		{D1C57269-2B69-43FC-B802-2948F72E8EFB}.Release|Any CPU.ActiveCfg = Release|Any CPU
		{D1C57269-2B69-43FC-B802-2948F72E8EFB}.Release|Any CPU.Build.0 = Release|Any CPU
	EndGlobalSection
	GlobalSection(SolutionProperties) = preSolution
		HideSolutionNode = FALSE
	EndGlobalSection
EndGlobal
